
Microsoft Visual Studio Solution File, Format Version 12.00
# Visual Studio Version 16
VisualStudioVersion = 16.0.29709.97
MinimumVisualStudioVersion = 10.0.40219.1
Project("{FAE04EC0-301F-11D3-BF4B-00C04F79EFBC}") = "zadanie5.1", "zadanie5.1\zadanie5.1.csproj", "{7F8F2C39-901D-475B-9DC6-75BA13F82D44}"
EndProject
Global
	GlobalSection(SolutionConfigurationPlatforms) = preSolution
		Debug|Any CPU = Debug|Any CPU
		Release|Any CPU = Release|Any CPU
	EndGlobalSection
	GlobalSection(ProjectConfigurationPlatforms) = postSolution
		{7F8F2C39-901D-475B-9DC6-75BA13F82D44}.Debug|Any CPU.ActiveCfg = Debug|Any CPU
		{7F8F2C39-901D-475B-9DC6-75BA13F82D44}.Debug|Any CPU.Build.0 = Debug|Any CPU
		{7F8F2C39-901D-475B-9DC6-75BA13F82D44}.Release|Any CPU.ActiveCfg = Release|Any CPU
		{7F8F2C39-901D-475B-9DC6-75BA13F82D44}.Release|Any CPU.Build.0 = Release|Any CPU
	EndGlobalSection
	GlobalSection(SolutionProperties) = preSolution
		HideSolutionNode = FALSE
	EndGlobalSection
	GlobalSection(ExtensibilityGlobals) = postSolution
		SolutionGuid = {4B673C1D-B9DA-43A3-899B-FC6CC89D1C2B}
	EndGlobalSection
EndGlobal
